// !$*UTF8*$!
{
	archiveVersion = 1;
	classes = {
	};
	objectVersion = 56;
	objects = {

/* Begin PBXBuildFile section */
		1117B42029772675007112CE /* RMService.swift in Sources */ = {isa = PBXBuildFile; fileRef = 1117B41F29772675007112CE /* RMService.swift */; };
		1117B4222977268A007112CE /* RMRequest.swift in Sources */ = {isa = PBXBuildFile; fileRef = 1117B4212977268A007112CE /* RMRequest.swift */; };
		1117B42429772745007112CE /* RMEndpoint.swift in Sources */ = {isa = PBXBuildFile; fileRef = 1117B42329772745007112CE /* RMEndpoint.swift */; };
		115F2635297B104A0034926A /* RMSingleLocation.swift in Sources */ = {isa = PBXBuildFile; fileRef = 115F2634297B104A0034926A /* RMSingleLocation.swift */; };
		115F2637297B10A80034926A /* RMOrigin.swift in Sources */ = {isa = PBXBuildFile; fileRef = 115F2636297B10A80034926A /* RMOrigin.swift */; };
		115F2639297B10EC0034926A /* RMCharacterStatus.swift in Sources */ = {isa = PBXBuildFile; fileRef = 115F2638297B10EC0034926A /* RMCharacterStatus.swift */; };
		115F263B297B11620034926A /* RMCharacterGender.swift in Sources */ = {isa = PBXBuildFile; fileRef = 115F263A297B11620034926A /* RMCharacterGender.swift */; };
		11E7EF1F2975D1CB006C28E7 /* AppDelegate.swift in Sources */ = {isa = PBXBuildFile; fileRef = 11E7EF1E2975D1CB006C28E7 /* AppDelegate.swift */; };
		11E7EF212975D1CB006C28E7 /* SceneDelegate.swift in Sources */ = {isa = PBXBuildFile; fileRef = 11E7EF202975D1CB006C28E7 /* SceneDelegate.swift */; };
		11E7EF232975D1CB006C28E7 /* RMTabViewController.swift in Sources */ = {isa = PBXBuildFile; fileRef = 11E7EF222975D1CB006C28E7 /* RMTabViewController.swift */; };
		11E7EF282975D1CC006C28E7 /* Assets.xcassets in Resources */ = {isa = PBXBuildFile; fileRef = 11E7EF272975D1CC006C28E7 /* Assets.xcassets */; };
		11E7EF2B2975D1CC006C28E7 /* LaunchScreen.storyboard in Resources */ = {isa = PBXBuildFile; fileRef = 11E7EF292975D1CC006C28E7 /* LaunchScreen.storyboard */; };
		11E7EF3A2975D4A9006C28E7 /* RMLocation.swift in Sources */ = {isa = PBXBuildFile; fileRef = 11E7EF392975D4A9006C28E7 /* RMLocation.swift */; };
		11E7EF3C2975D4B6006C28E7 /* RMCharacter.swift in Sources */ = {isa = PBXBuildFile; fileRef = 11E7EF3B2975D4B6006C28E7 /* RMCharacter.swift */; };
		11E7EF3E2975D4BE006C28E7 /* RMEpisode.swift in Sources */ = {isa = PBXBuildFile; fileRef = 11E7EF3D2975D4BE006C28E7 /* RMEpisode.swift */; };
		11E7EF412975D548006C28E7 /* RMCharacterViewController.swift in Sources */ = {isa = PBXBuildFile; fileRef = 11E7EF402975D548006C28E7 /* RMCharacterViewController.swift */; };
		11E7EF432975D560006C28E7 /* RMLocationViewController.swift in Sources */ = {isa = PBXBuildFile; fileRef = 11E7EF422975D560006C28E7 /* RMLocationViewController.swift */; };
		11E7EF452975D57C006C28E7 /* RMEpisodeViewController.swift in Sources */ = {isa = PBXBuildFile; fileRef = 11E7EF442975D57C006C28E7 /* RMEpisodeViewController.swift */; };
		11E7EF472975D587006C28E7 /* RMSettingsViewController.swift in Sources */ = {isa = PBXBuildFile; fileRef = 11E7EF462975D587006C28E7 /* RMSettingsViewController.swift */; };
/* End PBXBuildFile section */

/* Begin PBXFileReference section */
		1117B41F29772675007112CE /* RMService.swift */ = {isa = PBXFileReference; lastKnownFileType = sourcecode.swift; path = RMService.swift; sourceTree = "<group>"; };
		1117B4212977268A007112CE /* RMRequest.swift */ = {isa = PBXFileReference; lastKnownFileType = sourcecode.swift; path = RMRequest.swift; sourceTree = "<group>"; };
		1117B42329772745007112CE /* RMEndpoint.swift */ = {isa = PBXFileReference; lastKnownFileType = sourcecode.swift; path = RMEndpoint.swift; sourceTree = "<group>"; };
		115F2634297B104A0034926A /* RMSingleLocation.swift */ = {isa = PBXFileReference; lastKnownFileType = sourcecode.swift; path = RMSingleLocation.swift; sourceTree = "<group>"; };
		115F2636297B10A80034926A /* RMOrigin.swift */ = {isa = PBXFileReference; lastKnownFileType = sourcecode.swift; path = RMOrigin.swift; sourceTree = "<group>"; };
		115F2638297B10EC0034926A /* RMCharacterStatus.swift */ = {isa = PBXFileReference; lastKnownFileType = sourcecode.swift; path = RMCharacterStatus.swift; sourceTree = "<group>"; };
		115F263A297B11620034926A /* RMCharacterGender.swift */ = {isa = PBXFileReference; lastKnownFileType = sourcecode.swift; path = RMCharacterGender.swift; sourceTree = "<group>"; };
		11E7EF1B2975D1CB006C28E7 /* RickAndMorty.app */ = {isa = PBXFileReference; explicitFileType = wrapper.application; includeInIndex = 0; path = RickAndMorty.app; sourceTree = BUILT_PRODUCTS_DIR; };
		11E7EF1E2975D1CB006C28E7 /* AppDelegate.swift */ = {isa = PBXFileReference; lastKnownFileType = sourcecode.swift; path = AppDelegate.swift; sourceTree = "<group>"; };
		11E7EF202975D1CB006C28E7 /* SceneDelegate.swift */ = {isa = PBXFileReference; lastKnownFileType = sourcecode.swift; path = SceneDelegate.swift; sourceTree = "<group>"; };
		11E7EF222975D1CB006C28E7 /* RMTabViewController.swift */ = {isa = PBXFileReference; lastKnownFileType = sourcecode.swift; path = RMTabViewController.swift; sourceTree = "<group>"; };
		11E7EF272975D1CC006C28E7 /* Assets.xcassets */ = {isa = PBXFileReference; lastKnownFileType = folder.assetcatalog; path = Assets.xcassets; sourceTree = "<group>"; };
		11E7EF2A2975D1CC006C28E7 /* Base */ = {isa = PBXFileReference; lastKnownFileType = file.storyboard; name = Base; path = Base.lproj/LaunchScreen.storyboard; sourceTree = "<group>"; };
		11E7EF2C2975D1CC006C28E7 /* Info.plist */ = {isa = PBXFileReference; lastKnownFileType = text.plist.xml; path = Info.plist; sourceTree = "<group>"; };
		11E7EF392975D4A9006C28E7 /* RMLocation.swift */ = {isa = PBXFileReference; lastKnownFileType = sourcecode.swift; path = RMLocation.swift; sourceTree = "<group>"; };
		11E7EF3B2975D4B6006C28E7 /* RMCharacter.swift */ = {isa = PBXFileReference; lastKnownFileType = sourcecode.swift; path = RMCharacter.swift; sourceTree = "<group>"; };
		11E7EF3D2975D4BE006C28E7 /* RMEpisode.swift */ = {isa = PBXFileReference; lastKnownFileType = sourcecode.swift; path = RMEpisode.swift; sourceTree = "<group>"; };
		11E7EF402975D548006C28E7 /* RMCharacterViewController.swift */ = {isa = PBXFileReference; lastKnownFileType = sourcecode.swift; path = RMCharacterViewController.swift; sourceTree = "<group>"; };
		11E7EF422975D560006C28E7 /* RMLocationViewController.swift */ = {isa = PBXFileReference; lastKnownFileType = sourcecode.swift; path = RMLocationViewController.swift; sourceTree = "<group>"; };
		11E7EF442975D57C006C28E7 /* RMEpisodeViewController.swift */ = {isa = PBXFileReference; lastKnownFileType = sourcecode.swift; path = RMEpisodeViewController.swift; sourceTree = "<group>"; };
		11E7EF462975D587006C28E7 /* RMSettingsViewController.swift */ = {isa = PBXFileReference; lastKnownFileType = sourcecode.swift; path = RMSettingsViewController.swift; sourceTree = "<group>"; };
/* End PBXFileReference section */

/* Begin PBXFrameworksBuildPhase section */
		11E7EF182975D1CB006C28E7 /* Frameworks */ = {
			isa = PBXFrameworksBuildPhase;
			buildActionMask = 2147483647;
			files = (
			);
			runOnlyForDeploymentPostprocessing = 0;
		};
/* End PBXFrameworksBuildPhase section */

/* Begin PBXGroup section */
		115F2631297B0EEF0034926A /* Managers */ = {
			isa = PBXGroup;
			children = (
			);
			path = Managers;
			sourceTree = "<group>";
		};
		115F2632297B0EFE0034926A /* Views */ = {
			isa = PBXGroup;
			children = (
			);
			path = Views;
			sourceTree = "<group>";
		};
		115F2633297B0F0B0034926A /* ViewModels */ = {
			isa = PBXGroup;
			children = (
			);
			path = ViewModels;
			sourceTree = "<group>";
		};
		11E7EF122975D1CB006C28E7 = {
			isa = PBXGroup;
			children = (
				11E7EF1D2975D1CB006C28E7 /* RickAndMorty */,
				11E7EF1C2975D1CB006C28E7 /* Products */,
			);
			sourceTree = "<group>";
		};
		11E7EF1C2975D1CB006C28E7 /* Products */ = {
			isa = PBXGroup;
			children = (
				11E7EF1B2975D1CB006C28E7 /* RickAndMorty.app */,
			);
			name = Products;
			sourceTree = "<group>";
		};
		11E7EF1D2975D1CB006C28E7 /* RickAndMorty */ = {
			isa = PBXGroup;
			children = (
				115F2633297B0F0B0034926A /* ViewModels */,
				115F2632297B0EFE0034926A /* Views */,
				115F2631297B0EEF0034926A /* Managers */,
				11E7EF382975D434006C28E7 /* Resources */,
				11E7EF372975D42C006C28E7 /* ApiClient */,
				11E7EF342975D304006C28E7 /* Models */,
				11E7EF322975D2E6006C28E7 /* Controllers */,
				11E7EF2C2975D1CC006C28E7 /* Info.plist */,
			);
			path = RickAndMorty;
			sourceTree = "<group>";
		};
		11E7EF322975D2E6006C28E7 /* Controllers */ = {
			isa = PBXGroup;
			children = (
				11E7EF3F2975D52C006C28E7 /* Core */,
			);
			path = Controllers;
			sourceTree = "<group>";
		};
		11E7EF342975D304006C28E7 /* Models */ = {
			isa = PBXGroup;
			children = (
				11E7EF392975D4A9006C28E7 /* RMLocation.swift */,
				11E7EF3B2975D4B6006C28E7 /* RMCharacter.swift */,
				11E7EF3D2975D4BE006C28E7 /* RMEpisode.swift */,
				115F2634297B104A0034926A /* RMSingleLocation.swift */,
				115F2636297B10A80034926A /* RMOrigin.swift */,
				115F2638297B10EC0034926A /* RMCharacterStatus.swift */,
				115F263A297B11620034926A /* RMCharacterGender.swift */,
			);
			path = Models;
			sourceTree = "<group>";
		};
		11E7EF372975D42C006C28E7 /* ApiClient */ = {
			isa = PBXGroup;
			children = (
				1117B41F29772675007112CE /* RMService.swift */,
				1117B4212977268A007112CE /* RMRequest.swift */,
				1117B42329772745007112CE /* RMEndpoint.swift */,
			);
			path = ApiClient;
			sourceTree = "<group>";
		};
		11E7EF382975D434006C28E7 /* Resources */ = {
			isa = PBXGroup;
			children = (
				11E7EF1E2975D1CB006C28E7 /* AppDelegate.swift */,
				11E7EF202975D1CB006C28E7 /* SceneDelegate.swift */,
				11E7EF272975D1CC006C28E7 /* Assets.xcassets */,
				11E7EF292975D1CC006C28E7 /* LaunchScreen.storyboard */,
			);
			path = Resources;
			sourceTree = "<group>";
		};
		11E7EF3F2975D52C006C28E7 /* Core */ = {
			isa = PBXGroup;
			children = (
				11E7EF222975D1CB006C28E7 /* RMTabViewController.swift */,
				11E7EF402975D548006C28E7 /* RMCharacterViewController.swift */,
				11E7EF422975D560006C28E7 /* RMLocationViewController.swift */,
				11E7EF442975D57C006C28E7 /* RMEpisodeViewController.swift */,
				11E7EF462975D587006C28E7 /* RMSettingsViewController.swift */,
			);
			path = Core;
			sourceTree = "<group>";
		};
/* End PBXGroup section */

/* Begin PBXNativeTarget section */
		11E7EF1A2975D1CB006C28E7 /* RickAndMorty */ = {
			isa = PBXNativeTarget;
			buildConfigurationList = 11E7EF2F2975D1CC006C28E7 /* Build configuration list for PBXNativeTarget "RickAndMorty" */;
			buildPhases = (
				11E7EF172975D1CB006C28E7 /* Sources */,
				11E7EF182975D1CB006C28E7 /* Frameworks */,
				11E7EF192975D1CB006C28E7 /* Resources */,
			);
			buildRules = (
			);
			dependencies = (
			);
			name = RickAndMorty;
			productName = RickAndMorty;
			productReference = 11E7EF1B2975D1CB006C28E7 /* RickAndMorty.app */;
			productType = "com.apple.product-type.application";
		};
/* End PBXNativeTarget section */

/* Begin PBXProject section */
		11E7EF132975D1CB006C28E7 /* Project object */ = {
			isa = PBXProject;
			attributes = {
				BuildIndependentTargetsInParallel = 1;
				LastSwiftUpdateCheck = 1420;
				LastUpgradeCheck = 1420;
				TargetAttributes = {
					11E7EF1A2975D1CB006C28E7 = {
						CreatedOnToolsVersion = 14.2;
					};
				};
			};
			buildConfigurationList = 11E7EF162975D1CB006C28E7 /* Build configuration list for PBXProject "RickAndMorty" */;
			compatibilityVersion = "Xcode 14.0";
			developmentRegion = en;
			hasScannedForEncodings = 0;
			knownRegions = (
				en,
				Base,
			);
			mainGroup = 11E7EF122975D1CB006C28E7;
			productRefGroup = 11E7EF1C2975D1CB006C28E7 /* Products */;
			projectDirPath = "";
			projectRoot = "";
			targets = (
				11E7EF1A2975D1CB006C28E7 /* RickAndMorty */,
			);
		};
/* End PBXProject section */

/* Begin PBXResourcesBuildPhase section */
		11E7EF192975D1CB006C28E7 /* Resources */ = {
			isa = PBXResourcesBuildPhase;
			buildActionMask = 2147483647;
			files = (
				11E7EF2B2975D1CC006C28E7 /* LaunchScreen.storyboard in Resources */,
				11E7EF282975D1CC006C28E7 /* Assets.xcassets in Resources */,
			);
			runOnlyForDeploymentPostprocessing = 0;
		};
/* End PBXResourcesBuildPhase section */

/* Begin PBXSourcesBuildPhase section */
		11E7EF172975D1CB006C28E7 /* Sources */ = {
			isa = PBXSourcesBuildPhase;
			buildActionMask = 2147483647;
			files = (
				11E7EF432975D560006C28E7 /* RMLocationViewController.swift in Sources */,
				11E7EF3E2975D4BE006C28E7 /* RMEpisode.swift in Sources */,
				115F2639297B10EC0034926A /* RMCharacterStatus.swift in Sources */,
				115F263B297B11620034926A /* RMCharacterGender.swift in Sources */,
				11E7EF232975D1CB006C28E7 /* RMTabViewController.swift in Sources */,
				115F2635297B104A0034926A /* RMSingleLocation.swift in Sources */,
				11E7EF452975D57C006C28E7 /* RMEpisodeViewController.swift in Sources */,
				11E7EF1F2975D1CB006C28E7 /* AppDelegate.swift in Sources */,
				11E7EF212975D1CB006C28E7 /* SceneDelegate.swift in Sources */,
				11E7EF472975D587006C28E7 /* RMSettingsViewController.swift in Sources */,
				1117B42029772675007112CE /* RMService.swift in Sources */,
				11E7EF3A2975D4A9006C28E7 /* RMLocation.swift in Sources */,
				1117B42429772745007112CE /* RMEndpoint.swift in Sources */,
				11E7EF3C2975D4B6006C28E7 /* RMCharacter.swift in Sources */,
				1117B4222977268A007112CE /* RMRequest.swift in Sources */,
				115F2637297B10A80034926A /* RMOrigin.swift in Sources */,
				11E7EF412975D548006C28E7 /* RMCharacterViewController.swift in Sources */,
			);
			runOnlyForDeploymentPostprocessing = 0;
		};
/* End PBXSourcesBuildPhase section */

/* Begin PBXVariantGroup section */
		11E7EF292975D1CC006C28E7 /* LaunchScreen.storyboard */ = {
			isa = PBXVariantGroup;
			children = (
				11E7EF2A2975D1CC006C28E7 /* Base */,
			);
			name = LaunchScreen.storyboard;
			sourceTree = "<group>";
		};
/* End PBXVariantGroup section */

/* Begin XCBuildConfiguration section */
		11E7EF2D2975D1CC006C28E7 /* Debug */ = {
			isa = XCBuildConfiguration;
			buildSettings = {
				ALWAYS_SEARCH_USER_PATHS = NO;
				CLANG_ANALYZER_NONNULL = YES;
				CLANG_ANALYZER_NUMBER_OBJECT_CONVERSION = YES_AGGRESSIVE;
				CLANG_CXX_LANGUAGE_STANDARD = "gnu++20";
				CLANG_ENABLE_MODULES = YES;
				CLANG_ENABLE_OBJC_ARC = YES;
				CLANG_ENABLE_OBJC_WEAK = YES;
				CLANG_WARN_BLOCK_CAPTURE_AUTORELEASING = YES;
				CLANG_WARN_BOOL_CONVERSION = YES;
				CLANG_WARN_COMMA = YES;
				CLANG_WARN_CONSTANT_CONVERSION = YES;
				CLANG_WARN_DEPRECATED_OBJC_IMPLEMENTATIONS = YES;
				CLANG_WARN_DIRECT_OBJC_ISA_USAGE = YES_ERROR;
				CLANG_WARN_DOCUMENTATION_COMMENTS = YES;
				CLANG_WARN_EMPTY_BODY = YES;
				CLANG_WARN_ENUM_CONVERSION = YES;
				CLANG_WARN_INFINITE_RECURSION = YES;
				CLANG_WARN_INT_CONVERSION = YES;
				CLANG_WARN_NON_LITERAL_NULL_CONVERSION = YES;
				CLANG_WARN_OBJC_IMPLICIT_RETAIN_SELF = YES;
				CLANG_WARN_OBJC_LITERAL_CONVERSION = YES;
				CLANG_WARN_OBJC_ROOT_CLASS = YES_ERROR;
				CLANG_WARN_QUOTED_INCLUDE_IN_FRAMEWORK_HEADER = YES;
				CLANG_WARN_RANGE_LOOP_ANALYSIS = YES;
				CLANG_WARN_STRICT_PROTOTYPES = YES;
				CLANG_WARN_SUSPICIOUS_MOVE = YES;
				CLANG_WARN_UNGUARDED_AVAILABILITY = YES_AGGRESSIVE;
				CLANG_WARN_UNREACHABLE_CODE = YES;
				CLANG_WARN__DUPLICATE_METHOD_MATCH = YES;
				COPY_PHASE_STRIP = NO;
				DEBUG_INFORMATION_FORMAT = dwarf;
				ENABLE_STRICT_OBJC_MSGSEND = YES;
				ENABLE_TESTABILITY = YES;
				GCC_C_LANGUAGE_STANDARD = gnu11;
				GCC_DYNAMIC_NO_PIC = NO;
				GCC_NO_COMMON_BLOCKS = YES;
				GCC_OPTIMIZATION_LEVEL = 0;
				GCC_PREPROCESSOR_DEFINITIONS = (
					"DEBUG=1",
					"$(inherited)",
				);
				GCC_WARN_64_TO_32_BIT_CONVERSION = YES;
				GCC_WARN_ABOUT_RETURN_TYPE = YES_ERROR;
				GCC_WARN_UNDECLARED_SELECTOR = YES;
				GCC_WARN_UNINITIALIZED_AUTOS = YES_AGGRESSIVE;
				GCC_WARN_UNUSED_FUNCTION = YES;
				GCC_WARN_UNUSED_VARIABLE = YES;
				IPHONEOS_DEPLOYMENT_TARGET = 16.2;
				MTL_ENABLE_DEBUG_INFO = INCLUDE_SOURCE;
				MTL_FAST_MATH = YES;
				ONLY_ACTIVE_ARCH = YES;
				SDKROOT = iphoneos;
				SWIFT_ACTIVE_COMPILATION_CONDITIONS = DEBUG;
				SWIFT_OPTIMIZATION_LEVEL = "-Onone";
			};
			name = Debug;
		};
		11E7EF2E2975D1CC006C28E7 /* Release */ = {
			isa = XCBuildConfiguration;
			buildSettings = {
				ALWAYS_SEARCH_USER_PATHS = NO;
				CLANG_ANALYZER_NONNULL = YES;
				CLANG_ANALYZER_NUMBER_OBJECT_CONVERSION = YES_AGGRESSIVE;
				CLANG_CXX_LANGUAGE_STANDARD = "gnu++20";
				CLANG_ENABLE_MODULES = YES;
				CLANG_ENABLE_OBJC_ARC = YES;
				CLANG_ENABLE_OBJC_WEAK = YES;
				CLANG_WARN_BLOCK_CAPTURE_AUTORELEASING = YES;
				CLANG_WARN_BOOL_CONVERSION = YES;
				CLANG_WARN_COMMA = YES;
				CLANG_WARN_CONSTANT_CONVERSION = YES;
				CLANG_WARN_DEPRECATED_OBJC_IMPLEMENTATIONS = YES;
				CLANG_WARN_DIRECT_OBJC_ISA_USAGE = YES_ERROR;
				CLANG_WARN_DOCUMENTATION_COMMENTS = YES;
				CLANG_WARN_EMPTY_BODY = YES;
				CLANG_WARN_ENUM_CONVERSION = YES;
				CLANG_WARN_INFINITE_RECURSION = YES;
				CLANG_WARN_INT_CONVERSION = YES;
				CLANG_WARN_NON_LITERAL_NULL_CONVERSION = YES;
				CLANG_WARN_OBJC_IMPLICIT_RETAIN_SELF = YES;
				CLANG_WARN_OBJC_LITERAL_CONVERSION = YES;
				CLANG_WARN_OBJC_ROOT_CLASS = YES_ERROR;
				CLANG_WARN_QUOTED_INCLUDE_IN_FRAMEWORK_HEADER = YES;
				CLANG_WARN_RANGE_LOOP_ANALYSIS = YES;
				CLANG_WARN_STRICT_PROTOTYPES = YES;
				CLANG_WARN_SUSPICIOUS_MOVE = YES;
				CLANG_WARN_UNGUARDED_AVAILABILITY = YES_AGGRESSIVE;
				CLANG_WARN_UNREACHABLE_CODE = YES;
				CLANG_WARN__DUPLICATE_METHOD_MATCH = YES;
				COPY_PHASE_STRIP = NO;
				DEBUG_INFORMATION_FORMAT = "dwarf-with-dsym";
				ENABLE_NS_ASSERTIONS = NO;
				ENABLE_STRICT_OBJC_MSGSEND = YES;
				GCC_C_LANGUAGE_STANDARD = gnu11;
				GCC_NO_COMMON_BLOCKS = YES;
				GCC_WARN_64_TO_32_BIT_CONVERSION = YES;
				GCC_WARN_ABOUT_RETURN_TYPE = YES_ERROR;
				GCC_WARN_UNDECLARED_SELECTOR = YES;
				GCC_WARN_UNINITIALIZED_AUTOS = YES_AGGRESSIVE;
				GCC_WARN_UNUSED_FUNCTION = YES;
				GCC_WARN_UNUSED_VARIABLE = YES;
				IPHONEOS_DEPLOYMENT_TARGET = 16.2;
				MTL_ENABLE_DEBUG_INFO = NO;
				MTL_FAST_MATH = YES;
				SDKROOT = iphoneos;
				SWIFT_COMPILATION_MODE = wholemodule;
				SWIFT_OPTIMIZATION_LEVEL = "-O";
				VALIDATE_PRODUCT = YES;
			};
			name = Release;
		};
		11E7EF302975D1CC006C28E7 /* Debug */ = {
			isa = XCBuildConfiguration;
			buildSettings = {
				ASSETCATALOG_COMPILER_APPICON_NAME = AppIcon;
				ASSETCATALOG_COMPILER_GLOBAL_ACCENT_COLOR_NAME = AccentColor;
				CODE_SIGN_STYLE = Automatic;
				CURRENT_PROJECT_VERSION = 1;
				GENERATE_INFOPLIST_FILE = YES;
				INFOPLIST_FILE = RickAndMorty/Info.plist;
				INFOPLIST_KEY_UIApplicationSupportsIndirectInputEvents = YES;
				INFOPLIST_KEY_UILaunchStoryboardName = LaunchScreen;
				INFOPLIST_KEY_UISupportedInterfaceOrientations_iPad = "UIInterfaceOrientationPortrait UIInterfaceOrientationPortraitUpsideDown UIInterfaceOrientationLandscapeLeft UIInterfaceOrientationLandscapeRight";
				INFOPLIST_KEY_UISupportedInterfaceOrientations_iPhone = "UIInterfaceOrientationPortrait UIInterfaceOrientationLandscapeLeft UIInterfaceOrientationLandscapeRight";
				LD_RUNPATH_SEARCH_PATHS = (
					"$(inherited)",
					"@executable_path/Frameworks",
				);
				MARKETING_VERSION = 1.0;
				PRODUCT_BUNDLE_IDENTIFIER = com.harish.RickAndMorty;
				PRODUCT_NAME = "$(TARGET_NAME)";
				SWIFT_EMIT_LOC_STRINGS = YES;
				SWIFT_VERSION = 5.0;
				TARGETED_DEVICE_FAMILY = "1,2";
			};
			name = Debug;
		};
		11E7EF312975D1CC006C28E7 /* Release */ = {
			isa = XCBuildConfiguration;
			buildSettings = {
				ASSETCATALOG_COMPILER_APPICON_NAME = AppIcon;
				ASSETCATALOG_COMPILER_GLOBAL_ACCENT_COLOR_NAME = AccentColor;
				CODE_SIGN_STYLE = Automatic;
				CURRENT_PROJECT_VERSION = 1;
				GENERATE_INFOPLIST_FILE = YES;
				INFOPLIST_FILE = RickAndMorty/Info.plist;
				INFOPLIST_KEY_UIApplicationSupportsIndirectInputEvents = YES;
				INFOPLIST_KEY_UILaunchStoryboardName = LaunchScreen;
				INFOPLIST_KEY_UISupportedInterfaceOrientations_iPad = "UIInterfaceOrientationPortrait UIInterfaceOrientationPortraitUpsideDown UIInterfaceOrientationLandscapeLeft UIInterfaceOrientationLandscapeRight";
				INFOPLIST_KEY_UISupportedInterfaceOrientations_iPhone = "UIInterfaceOrientationPortrait UIInterfaceOrientationLandscapeLeft UIInterfaceOrientationLandscapeRight";
				LD_RUNPATH_SEARCH_PATHS = (
					"$(inherited)",
					"@executable_path/Frameworks",
				);
				MARKETING_VERSION = 1.0;
				PRODUCT_BUNDLE_IDENTIFIER = com.harish.RickAndMorty;
				PRODUCT_NAME = "$(TARGET_NAME)";
				SWIFT_EMIT_LOC_STRINGS = YES;
				SWIFT_VERSION = 5.0;
				TARGETED_DEVICE_FAMILY = "1,2";
			};
			name = Release;
		};
/* End XCBuildConfiguration section */

/* Begin XCConfigurationList section */
		11E7EF162975D1CB006C28E7 /* Build configuration list for PBXProject "RickAndMorty" */ = {
			isa = XCConfigurationList;
			buildConfigurations = (
				11E7EF2D2975D1CC006C28E7 /* Debug */,
				11E7EF2E2975D1CC006C28E7 /* Release */,
			);
			defaultConfigurationIsVisible = 0;
			defaultConfigurationName = Release;
		};
		11E7EF2F2975D1CC006C28E7 /* Build configuration list for PBXNativeTarget "RickAndMorty" */ = {
			isa = XCConfigurationList;
			buildConfigurations = (
				11E7EF302975D1CC006C28E7 /* Debug */,
				11E7EF312975D1CC006C28E7 /* Release */,
			);
			defaultConfigurationIsVisible = 0;
			defaultConfigurationName = Release;
		};
/* End XCConfigurationList section */
	};
	rootObject = 11E7EF132975D1CB006C28E7 /* Project object */;
}
